
Microsoft Visual Studio Solution File, Format Version 11.00
# Visual C# Express 2010
Project("{FAE04EC0-301F-11D3-BF4B-00C04F79EFBC}") = "U4Mapper", "U4Mapper\U4Mapper.csproj", "{92E1DB2F-3D7B-4D6F-A70C-3ECF39D88BE7}"
EndProject
Global
	GlobalSection(SolutionConfigurationPlatforms) = preSolution
		Debug|Any CPU = Debug|Any CPU
		Release|Any CPU = Release|Any CPU
	EndGlobalSection
	GlobalSection(ProjectConfigurationPlatforms) = postSolution
		{92E1DB2F-3D7B-4D6F-A70C-3ECF39D88BE7}.Debug|Any CPU.ActiveCfg = Debug|Any CPU
		{92E1DB2F-3D7B-4D6F-A70C-3ECF39D88BE7}.Debug|Any CPU.Build.0 = Debug|Any CPU
		{92E1DB2F-3D7B-4D6F-A70C-3ECF39D88BE7}.Release|Any CPU.ActiveCfg = Release|Any CPU
		{92E1DB2F-3D7B-4D6F-A70C-3ECF39D88BE7}.Release|Any CPU.Build.0 = Release|Any CPU
	EndGlobalSection
	GlobalSection(SolutionProperties) = preSolution
		HideSolutionNode = FALSE
	EndGlobalSection
EndGlobal
